// !$*UTF8*$!
{
	archiveVersion = 1;
	classes = {
	};
	objectVersion = 77;
	objects = {

/* Begin PBXBuildFile section */
		74BCA44E2F01041E000BB6E0 /* ChatUISwift in Frameworks */ = {isa = PBXBuildFile; productRef = 74BCA44D2F01041E000BB6E0 /* ChatUISwift */; };
/* End PBXBuildFile section */

/* Begin PBXContainerItemProxy section */
		74BCA4192F00FBF9000BB6E0 /* PBXContainerItemProxy */ = {
			isa = PBXContainerItemProxy;
			containerPortal = 74BCA4012F00FBF6000BB6E0 /* Project object */;
			proxyType = 1;
			remoteGlobalIDString = 74BCA4082F00FBF6000BB6E0;
			remoteInfo = ChatUIPlayground;
		};
		74BCA4232F00FBF9000BB6E0 /* PBXContainerItemProxy */ = {
			isa = PBXContainerItemProxy;
			containerPortal = 74BCA4012F00FBF6000BB6E0 /* Project object */;
			proxyType = 1;
			remoteGlobalIDString = 74BCA4082F00FBF6000BB6E0;
			remoteInfo = ChatUIPlayground;
		};
/* End PBXContainerItemProxy section */

/* Begin PBXFileReference section */
		74BCA4092F00FBF6000BB6E0 /* ChatUIPlayground.app */ = {isa = PBXFileReference; explicitFileType = wrapper.application; includeInIndex = 0; path = ChatUIPlayground.app; sourceTree = BUILT_PRODUCTS_DIR; };
		74BCA4182F00FBF9000BB6E0 /* ChatUIPlaygroundTests.xctest */ = {isa = PBXFileReference; explicitFileType = wrapper.cfbundle; includeInIndex = 0; path = ChatUIPlaygroundTests.xctest; sourceTree = BUILT_PRODUCTS_DIR; };
		74BCA4222F00FBF9000BB6E0 /* ChatUIPlaygroundUITests.xctest */ = {isa = PBXFileReference; explicitFileType = wrapper.cfbundle; includeInIndex = 0; path = ChatUIPlaygroundUITests.xctest; sourceTree = BUILT_PRODUCTS_DIR; };
/* End PBXFileReference section */

/* Begin PBXFileSystemSynchronizedRootGroup section */
		74BCA40B2F00FBF6000BB6E0 /* ChatUIPlayground */ = {
			isa = PBXFileSystemSynchronizedRootGroup;
			path = ChatUIPlayground;
			sourceTree = "<group>";
		};
		74BCA41B2F00FBF9000BB6E0 /* ChatUIPlaygroundTests */ = {
			isa = PBXFileSystemSynchronizedRootGroup;
			path = ChatUIPlaygroundTests;
			sourceTree = "<group>";
		};
		74BCA4252F00FBF9000BB6E0 /* ChatUIPlaygroundUITests */ = {
			isa = PBXFileSystemSynchronizedRootGroup;
			path = ChatUIPlaygroundUITests;
			sourceTree = "<group>";
		};
/* End PBXFileSystemSynchronizedRootGroup section */

/* Begin PBXFrameworksBuildPhase section */
		74BCA4062F00FBF6000BB6E0 /* Frameworks */ = {
			isa = PBXFrameworksBuildPhase;
			buildActionMask = 2147483647;
			files = (
				74BCA44E2F01041E000BB6E0 /* ChatUISwift in Frameworks */,
			);
			runOnlyForDeploymentPostprocessing = 0;
		};
		74BCA4152F00FBF9000BB6E0 /* Frameworks */ = {
			isa = PBXFrameworksBuildPhase;
			buildActionMask = 2147483647;
			files = (
			);
			runOnlyForDeploymentPostprocessing = 0;
		};
		74BCA41F2F00FBF9000BB6E0 /* Frameworks */ = {
			isa = PBXFrameworksBuildPhase;
			buildActionMask = 2147483647;
			files = (
			);
			runOnlyForDeploymentPostprocessing = 0;
		};
/* End PBXFrameworksBuildPhase section */

/* Begin PBXGroup section */
		74BCA4002F00FBF6000BB6E0 = {
			isa = PBXGroup;
			children = (
				74BCA40B2F00FBF6000BB6E0 /* ChatUIPlayground */,
				74BCA41B2F00FBF9000BB6E0 /* ChatUIPlaygroundTests */,
				74BCA4252F00FBF9000BB6E0 /* ChatUIPlaygroundUITests */,
				74BCA40A2F00FBF6000BB6E0 /* Products */,
			);
			sourceTree = "<group>";
		};
		74BCA40A2F00FBF6000BB6E0 /* Products */ = {
			isa = PBXGroup;
			children = (
				74BCA4092F00FBF6000BB6E0 /* ChatUIPlayground.app */,
				74BCA4182F00FBF9000BB6E0 /* ChatUIPlaygroundTests.xctest */,
				74BCA4222F00FBF9000BB6E0 /* ChatUIPlaygroundUITests.xctest */,
			);
			name = Products;
			sourceTree = "<group>";
		};
/* End PBXGroup section */

/* Begin PBXNativeTarget section */
		74BCA4082F00FBF6000BB6E0 /* ChatUIPlayground */ = {
			isa = PBXNativeTarget;
			buildConfigurationList = 74BCA42C2F00FBF9000BB6E0 /* Build configuration list for PBXNativeTarget "ChatUIPlayground" */;
			buildPhases = (
				74BCA4052F00FBF6000BB6E0 /* Sources */,
				74BCA4062F00FBF6000BB6E0 /* Frameworks */,
				74BCA4072F00FBF6000BB6E0 /* Resources */,
			);
			buildRules = (
			);
			dependencies = (
			);
			fileSystemSynchronizedGroups = (
				74BCA40B2F00FBF6000BB6E0 /* ChatUIPlayground */,
			);
			name = ChatUIPlayground;
			packageProductDependencies = (
				74BCA44D2F01041E000BB6E0 /* ChatUISwift */,
			);
			productName = ChatUIPlayground;
			productReference = 74BCA4092F00FBF6000BB6E0 /* ChatUIPlayground.app */;
			productType = "com.apple.product-type.application";
		};
		74BCA4172F00FBF9000BB6E0 /* ChatUIPlaygroundTests */ = {
			isa = PBXNativeTarget;
			buildConfigurationList = 74BCA42F2F00FBF9000BB6E0 /* Build configuration list for PBXNativeTarget "ChatUIPlaygroundTests" */;
			buildPhases = (
				74BCA4142F00FBF9000BB6E0 /* Sources */,
				74BCA4152F00FBF9000BB6E0 /* Frameworks */,
				74BCA4162F00FBF9000BB6E0 /* Resources */,
			);
			buildRules = (
			);
			dependencies = (
				74BCA41A2F00FBF9000BB6E0 /* PBXTargetDependency */,
			);
			fileSystemSynchronizedGroups = (
				74BCA41B2F00FBF9000BB6E0 /* ChatUIPlaygroundTests */,
			);
			name = ChatUIPlaygroundTests;
			packageProductDependencies = (
			);
			productName = ChatUIPlaygroundTests;
			productReference = 74BCA4182F00FBF9000BB6E0 /* ChatUIPlaygroundTests.xctest */;
			productType = "com.apple.product-type.bundle.unit-test";
		};
		74BCA4212F00FBF9000BB6E0 /* ChatUIPlaygroundUITests */ = {
			isa = PBXNativeTarget;
			buildConfigurationList = 74BCA4322F00FBF9000BB6E0 /* Build configuration list for PBXNativeTarget "ChatUIPlaygroundUITests" */;
			buildPhases = (
				74BCA41E2F00FBF9000BB6E0 /* Sources */,
				74BCA41F2F00FBF9000BB6E0 /* Frameworks */,
				74BCA4202F00FBF9000BB6E0 /* Resources */,
			);
			buildRules = (
			);
			dependencies = (
				74BCA4242F00FBF9000BB6E0 /* PBXTargetDependency */,
			);
			fileSystemSynchronizedGroups = (
				74BCA4252F00FBF9000BB6E0 /* ChatUIPlaygroundUITests */,
			);
			name = ChatUIPlaygroundUITests;
			packageProductDependencies = (
			);
			productName = ChatUIPlaygroundUITests;
			productReference = 74BCA4222F00FBF9000BB6E0 /* ChatUIPlaygroundUITests.xctest */;
			productType = "com.apple.product-type.bundle.ui-testing";
		};
/* End PBXNativeTarget section */

/* Begin PBXProject section */
		74BCA4012F00FBF6000BB6E0 /* Project object */ = {
			isa = PBXProject;
			attributes = {
				BuildIndependentTargetsInParallel = 1;
				LastSwiftUpdateCheck = 2600;
				LastUpgradeCheck = 2600;
				TargetAttributes = {
					74BCA4082F00FBF6000BB6E0 = {
						CreatedOnToolsVersion = 26.0;
					};
					74BCA4172F00FBF9000BB6E0 = {
						CreatedOnToolsVersion = 26.0;
						TestTargetID = 74BCA4082F00FBF6000BB6E0;
					};
					74BCA4212F00FBF9000BB6E0 = {
						CreatedOnToolsVersion = 26.0;
						TestTargetID = 74BCA4082F00FBF6000BB6E0;
					};
				};
			};
			buildConfigurationList = 74BCA4042F00FBF6000BB6E0 /* Build configuration list for PBXProject "ChatUIPlayground" */;
			developmentRegion = en;
			hasScannedForEncodings = 0;
			knownRegions = (
				en,
				Base,
			);
			mainGroup = 74BCA4002F00FBF6000BB6E0;
			minimizedProjectReferenceProxies = 1;
			packageReferences = (
				74BCA44C2F01041E000BB6E0 /* XCLocalSwiftPackageReference "../../../packages/ui-swift" */,
			);
			preferredProjectObjectVersion = 77;
			productRefGroup = 74BCA40A2F00FBF6000BB6E0 /* Products */;
			projectDirPath = "";
			projectRoot = "";
			targets = (
				74BCA4082F00FBF6000BB6E0 /* ChatUIPlayground */,
				74BCA4172F00FBF9000BB6E0 /* ChatUIPlaygroundTests */,
				74BCA4212F00FBF9000BB6E0 /* ChatUIPlaygroundUITests */,
			);
		};
/* End PBXProject section */

/* Begin PBXResourcesBuildPhase section */
		74BCA4072F00FBF6000BB6E0 /* Resources */ = {
			isa = PBXResourcesBuildPhase;
			buildActionMask = 2147483647;
			files = (
			);
			runOnlyForDeploymentPostprocessing = 0;
		};
		74BCA4162F00FBF9000BB6E0 /* Resources */ = {
			isa = PBXResourcesBuildPhase;
			buildActionMask = 2147483647;
			files = (
			);
			runOnlyForDeploymentPostprocessing = 0;
		};
		74BCA4202F00FBF9000BB6E0 /* Resources */ = {
			isa = PBXResourcesBuildPhase;
			buildActionMask = 2147483647;
			files = (
			);
			runOnlyForDeploymentPostprocessing = 0;
		};
/* End PBXResourcesBuildPhase section */

/* Begin PBXSourcesBuildPhase section */
		74BCA4052F00FBF6000BB6E0 /* Sources */ = {
			isa = PBXSourcesBuildPhase;
			buildActionMask = 2147483647;
			files = (
			);
			runOnlyForDeploymentPostprocessing = 0;
		};
		74BCA4142F00FBF9000BB6E0 /* Sources */ = {
			isa = PBXSourcesBuildPhase;
			buildActionMask = 2147483647;
			files = (
			);
			runOnlyForDeploymentPostprocessing = 0;
		};
		74BCA41E2F00FBF9000BB6E0 /* Sources */ = {
			isa = PBXSourcesBuildPhase;
			buildActionMask = 2147483647;
			files = (
			);
			runOnlyForDeploymentPostprocessing = 0;
		};
/* End PBXSourcesBuildPhase section */

/* Begin PBXTargetDependency section */
		74BCA41A2F00FBF9000BB6E0 /* PBXTargetDependency */ = {
			isa = PBXTargetDependency;
			target = 74BCA4082F00FBF6000BB6E0 /* ChatUIPlayground */;
			targetProxy = 74BCA4192F00FBF9000BB6E0 /* PBXContainerItemProxy */;
		};
		74BCA4242F00FBF9000BB6E0 /* PBXTargetDependency */ = {
			isa = PBXTargetDependency;
			target = 74BCA4082F00FBF6000BB6E0 /* ChatUIPlayground */;
			targetProxy = 74BCA4232F00FBF9000BB6E0 /* PBXContainerItemProxy */;
		};
/* End PBXTargetDependency section */

/* Begin XCBuildConfiguration section */
		74BCA42A2F00FBF9000BB6E0 /* Debug */ = {
			isa = XCBuildConfiguration;
			buildSettings = {
				ALWAYS_SEARCH_USER_PATHS = NO;
				ASSETCATALOG_COMPILER_GENERATE_SWIFT_ASSET_SYMBOL_EXTENSIONS = YES;
				CLANG_ANALYZER_NONNULL = YES;
				CLANG_ANALYZER_NUMBER_OBJECT_CONVERSION = YES_AGGRESSIVE;
				CLANG_CXX_LANGUAGE_STANDARD = "gnu++20";
				CLANG_ENABLE_MODULES = YES;
				CLANG_ENABLE_OBJC_ARC = YES;
				CLANG_ENABLE_OBJC_WEAK = YES;
				CLANG_WARN_BLOCK_CAPTURE_AUTORELEASING = YES;
				CLANG_WARN_BOOL_CONVERSION = YES;
				CLANG_WARN_COMMA = YES;
				CLANG_WARN_CONSTANT_CONVERSION = YES;
				CLANG_WARN_DEPRECATED_OBJC_IMPLEMENTATIONS = YES;
				CLANG_WARN_DIRECT_OBJC_ISA_USAGE = YES_ERROR;
				CLANG_WARN_DOCUMENTATION_COMMENTS = YES;
				CLANG_WARN_EMPTY_BODY = YES;
				CLANG_WARN_ENUM_CONVERSION = YES;
				CLANG_WARN_INFINITE_RECURSION = YES;
				CLANG_WARN_INT_CONVERSION = YES;
				CLANG_WARN_NON_LITERAL_NULL_CONVERSION = YES;
				CLANG_WARN_OBJC_IMPLICIT_RETAIN_SELF = YES;
				CLANG_WARN_OBJC_LITERAL_CONVERSION = YES;
				CLANG_WARN_OBJC_ROOT_CLASS = YES_ERROR;
				CLANG_WARN_QUOTED_INCLUDE_IN_FRAMEWORK_HEADER = YES;
				CLANG_WARN_RANGE_LOOP_ANALYSIS = YES;
				CLANG_WARN_STRICT_PROTOTYPES = YES;
				CLANG_WARN_SUSPICIOUS_MOVE = YES;
				CLANG_WARN_UNGUARDED_AVAILABILITY = YES_AGGRESSIVE;
				CLANG_WARN_UNREACHABLE_CODE = YES;
				CLANG_WARN__DUPLICATE_METHOD_MATCH = YES;
				COPY_PHASE_STRIP = NO;
				DEBUG_INFORMATION_FORMAT = dwarf;
				DEVELOPMENT_TEAM = W46TZZ5CWC;
				ENABLE_STRICT_OBJC_MSGSEND = YES;
				ENABLE_TESTABILITY = YES;
				ENABLE_USER_SCRIPT_SANDBOXING = YES;
				GCC_C_LANGUAGE_STANDARD = gnu17;
				GCC_DYNAMIC_NO_PIC = NO;
				GCC_NO_COMMON_BLOCKS = YES;
				GCC_OPTIMIZATION_LEVEL = 0;
				GCC_PREPROCESSOR_DEFINITIONS = (
					"DEBUG=1",
					"$(inherited)",
				);
				GCC_WARN_64_TO_32_BIT_CONVERSION = YES;
				GCC_WARN_ABOUT_RETURN_TYPE = YES_ERROR;
				GCC_WARN_UNDECLARED_SELECTOR = YES;
				GCC_WARN_UNINITIALIZED_AUTOS = YES_AGGRESSIVE;
				GCC_WARN_UNUSED_FUNCTION = YES;
				GCC_WARN_UNUSED_VARIABLE = YES;
				LOCALIZATION_PREFERS_STRING_CATALOGS = YES;
				MACOSX_DEPLOYMENT_TARGET = 13.0;
				MTL_ENABLE_DEBUG_INFO = INCLUDE_SOURCE;
				MTL_FAST_MATH = YES;
				ONLY_ACTIVE_ARCH = YES;
				SDKROOT = macosx;
				SWIFT_ACTIVE_COMPILATION_CONDITIONS = "DEBUG $(inherited)";
				SWIFT_OPTIMIZATION_LEVEL = "-Onone";
			};
			name = Debug;
		};
		74BCA42B2F00FBF9000BB6E0 /* Release */ = {
			isa = XCBuildConfiguration;
			buildSettings = {
				ALWAYS_SEARCH_USER_PATHS = NO;
				ASSETCATALOG_COMPILER_GENERATE_SWIFT_ASSET_SYMBOL_EXTENSIONS = YES;
				CLANG_ANALYZER_NONNULL = YES;
				CLANG_ANALYZER_NUMBER_OBJECT_CONVERSION = YES_AGGRESSIVE;
				CLANG_CXX_LANGUAGE_STANDARD = "gnu++20";
				CLANG_ENABLE_MODULES = YES;
				CLANG_ENABLE_OBJC_ARC = YES;
				CLANG_ENABLE_OBJC_WEAK = YES;
				CLANG_WARN_BLOCK_CAPTURE_AUTORELEASING = YES;
				CLANG_WARN_BOOL_CONVERSION = YES;
				CLANG_WARN_COMMA = YES;
				CLANG_WARN_CONSTANT_CONVERSION = YES;
				CLANG_WARN_DEPRECATED_OBJC_IMPLEMENTATIONS = YES;
				CLANG_WARN_DIRECT_OBJC_ISA_USAGE = YES_ERROR;
				CLANG_WARN_DOCUMENTATION_COMMENTS = YES;
				CLANG_WARN_EMPTY_BODY = YES;
				CLANG_WARN_ENUM_CONVERSION = YES;
				CLANG_WARN_INFINITE_RECURSION = YES;
				CLANG_WARN_INT_CONVERSION = YES;
				CLANG_WARN_NON_LITERAL_NULL_CONVERSION = YES;
				CLANG_WARN_OBJC_IMPLICIT_RETAIN_SELF = YES;
				CLANG_WARN_OBJC_LITERAL_CONVERSION = YES;
				CLANG_WARN_OBJC_ROOT_CLASS = YES_ERROR;
				CLANG_WARN_QUOTED_INCLUDE_IN_FRAMEWORK_HEADER = YES;
				CLANG_WARN_RANGE_LOOP_ANALYSIS = YES;
				CLANG_WARN_STRICT_PROTOTYPES = YES;
				CLANG_WARN_SUSPICIOUS_MOVE = YES;
				CLANG_WARN_UNGUARDED_AVAILABILITY = YES_AGGRESSIVE;
				CLANG_WARN_UNREACHABLE_CODE = YES;
				CLANG_WARN__DUPLICATE_METHOD_MATCH = YES;
				COPY_PHASE_STRIP = NO;
				DEBUG_INFORMATION_FORMAT = "dwarf-with-dsym";
				DEVELOPMENT_TEAM = W46TZZ5CWC;
				ENABLE_NS_ASSERTIONS = NO;
				ENABLE_STRICT_OBJC_MSGSEND = YES;
				ENABLE_USER_SCRIPT_SANDBOXING = YES;
				GCC_C_LANGUAGE_STANDARD = gnu17;
				GCC_NO_COMMON_BLOCKS = YES;
				GCC_WARN_64_TO_32_BIT_CONVERSION = YES;
				GCC_WARN_ABOUT_RETURN_TYPE = YES_ERROR;
				GCC_WARN_UNDECLARED_SELECTOR = YES;
				GCC_WARN_UNINITIALIZED_AUTOS = YES_AGGRESSIVE;
				GCC_WARN_UNUSED_FUNCTION = YES;
				GCC_WARN_UNUSED_VARIABLE = YES;
				LOCALIZATION_PREFERS_STRING_CATALOGS = YES;
				MACOSX_DEPLOYMENT_TARGET = 13.0;
				MTL_ENABLE_DEBUG_INFO = NO;
				MTL_FAST_MATH = YES;
				SDKROOT = macosx;
				SWIFT_COMPILATION_MODE = wholemodule;
			};
			name = Release;
		};
		74BCA42D2F00FBF9000BB6E0 /* Debug */ = {
			isa = XCBuildConfiguration;
			buildSettings = {
				ASSETCATALOG_COMPILER_APPICON_NAME = AppIcon;
				ASSETCATALOG_COMPILER_GLOBAL_ACCENT_COLOR_NAME = AccentColor;
				CODE_SIGN_STYLE = Automatic;
				COMBINE_HIDPI_IMAGES = YES;
				CURRENT_PROJECT_VERSION = 1;
				DEVELOPMENT_TEAM = W46TZZ5CWC;
				ENABLE_APP_SANDBOX = YES;
				ENABLE_HARDENED_RUNTIME = YES;
				ENABLE_PREVIEWS = YES;
				ENABLE_USER_SELECTED_FILES = readonly;
				GENERATE_INFOPLIST_FILE = YES;
				INFOPLIST_KEY_LSApplicationCategoryType = "public.app-category.productivity";
				INFOPLIST_KEY_NSHumanReadableCopyright = "";
				LD_RUNPATH_SEARCH_PATHS = (
					"$(inherited)",
					"@executable_path/../Frameworks",
				);
				MARKETING_VERSION = 1.0;
				PRODUCT_BUNDLE_IDENTIFIER = jscraik.ChatUIPlayground;
				PRODUCT_NAME = "$(TARGET_NAME)";
				REGISTER_APP_GROUPS = YES;
				STRING_CATALOG_GENERATE_SYMBOLS = YES;
				SWIFT_APPROACHABLE_CONCURRENCY = YES;
				SWIFT_DEFAULT_ACTOR_ISOLATION = MainActor;
				SWIFT_EMIT_LOC_STRINGS = YES;
				SWIFT_UPCOMING_FEATURE_MEMBER_IMPORT_VISIBILITY = YES;
				SWIFT_VERSION = 5.0;
			};
			name = Debug;
		};
		74BCA42E2F00FBF9000BB6E0 /* Release */ = {
			isa = XCBuildConfiguration;
			buildSettings = {
				ASSETCATALOG_COMPILER_APPICON_NAME = AppIcon;
				ASSETCATALOG_COMPILER_GLOBAL_ACCENT_COLOR_NAME = AccentColor;
				CODE_SIGN_STYLE = Automatic;
				COMBINE_HIDPI_IMAGES = YES;
				CURRENT_PROJECT_VERSION = 1;
				DEVELOPMENT_TEAM = W46TZZ5CWC;
				ENABLE_APP_SANDBOX = YES;
				ENABLE_HARDENED_RUNTIME = YES;
				ENABLE_PREVIEWS = YES;
				ENABLE_USER_SELECTED_FILES = readonly;
				GENERATE_INFOPLIST_FILE = YES;
				INFOPLIST_KEY_LSApplicationCategoryType = "public.app-category.productivity";
				INFOPLIST_KEY_NSHumanReadableCopyright = "";
				LD_RUNPATH_SEARCH_PATHS = (
					"$(inherited)",
					"@executable_path/../Frameworks",
				);
				MARKETING_VERSION = 1.0;
				PRODUCT_BUNDLE_IDENTIFIER = jscraik.ChatUIPlayground;
				PRODUCT_NAME = "$(TARGET_NAME)";
				REGISTER_APP_GROUPS = YES;
				STRING_CATALOG_GENERATE_SYMBOLS = YES;
				SWIFT_APPROACHABLE_CONCURRENCY = YES;
				SWIFT_DEFAULT_ACTOR_ISOLATION = MainActor;
				SWIFT_EMIT_LOC_STRINGS = YES;
				SWIFT_UPCOMING_FEATURE_MEMBER_IMPORT_VISIBILITY = YES;
				SWIFT_VERSION = 5.0;
			};
			name = Release;
		};
		74BCA4302F00FBF9000BB6E0 /* Debug */ = {
			isa = XCBuildConfiguration;
			buildSettings = {
				BUNDLE_LOADER = "$(TEST_HOST)";
				CODE_SIGN_STYLE = Automatic;
				CURRENT_PROJECT_VERSION = 1;
				DEVELOPMENT_TEAM = W46TZZ5CWC;
				GENERATE_INFOPLIST_FILE = YES;
				MACOSX_DEPLOYMENT_TARGET = 13.0;
				MARKETING_VERSION = 1.0;
				PRODUCT_BUNDLE_IDENTIFIER = jscraik.ChatUIPlaygroundTests;
				PRODUCT_NAME = "$(TARGET_NAME)";
				STRING_CATALOG_GENERATE_SYMBOLS = NO;
				SWIFT_APPROACHABLE_CONCURRENCY = YES;
				SWIFT_EMIT_LOC_STRINGS = NO;
				SWIFT_UPCOMING_FEATURE_MEMBER_IMPORT_VISIBILITY = YES;
				SWIFT_VERSION = 5.0;
				TEST_HOST = "$(BUILT_PRODUCTS_DIR)/ChatUIPlayground.app/$(BUNDLE_EXECUTABLE_FOLDER_PATH)/ChatUIPlayground";
			};
			name = Debug;
		};
		74BCA4312F00FBF9000BB6E0 /* Release */ = {
			isa = XCBuildConfiguration;
			buildSettings = {
				BUNDLE_LOADER = "$(TEST_HOST)";
				CODE_SIGN_STYLE = Automatic;
				CURRENT_PROJECT_VERSION = 1;
				DEVELOPMENT_TEAM = W46TZZ5CWC;
				GENERATE_INFOPLIST_FILE = YES;
				MACOSX_DEPLOYMENT_TARGET = 13.0;
				MARKETING_VERSION = 1.0;
				PRODUCT_BUNDLE_IDENTIFIER = jscraik.ChatUIPlaygroundTests;
				PRODUCT_NAME = "$(TARGET_NAME)";
				STRING_CATALOG_GENERATE_SYMBOLS = NO;
				SWIFT_APPROACHABLE_CONCURRENCY = YES;
				SWIFT_EMIT_LOC_STRINGS = NO;
				SWIFT_UPCOMING_FEATURE_MEMBER_IMPORT_VISIBILITY = YES;
				SWIFT_VERSION = 5.0;
				TEST_HOST = "$(BUILT_PRODUCTS_DIR)/ChatUIPlayground.app/$(BUNDLE_EXECUTABLE_FOLDER_PATH)/ChatUIPlayground";
			};
			name = Release;
		};
		74BCA4332F00FBF9000BB6E0 /* Debug */ = {
			isa = XCBuildConfiguration;
			buildSettings = {
				CODE_SIGN_STYLE = Automatic;
				CURRENT_PROJECT_VERSION = 1;
				DEVELOPMENT_TEAM = W46TZZ5CWC;
				GENERATE_INFOPLIST_FILE = YES;
				MARKETING_VERSION = 1.0;
				PRODUCT_BUNDLE_IDENTIFIER = jscraik.ChatUIPlaygroundUITests;
				PRODUCT_NAME = "$(TARGET_NAME)";
				STRING_CATALOG_GENERATE_SYMBOLS = NO;
				SWIFT_APPROACHABLE_CONCURRENCY = YES;
				SWIFT_EMIT_LOC_STRINGS = NO;
				SWIFT_UPCOMING_FEATURE_MEMBER_IMPORT_VISIBILITY = YES;
				SWIFT_VERSION = 5.0;
				TEST_TARGET_NAME = ChatUIPlayground;
			};
			name = Debug;
		};
		74BCA4342F00FBF9000BB6E0 /* Release */ = {
			isa = XCBuildConfiguration;
			buildSettings = {
				CODE_SIGN_STYLE = Automatic;
				CURRENT_PROJECT_VERSION = 1;
				DEVELOPMENT_TEAM = W46TZZ5CWC;
				GENERATE_INFOPLIST_FILE = YES;
				MARKETING_VERSION = 1.0;
				PRODUCT_BUNDLE_IDENTIFIER = jscraik.ChatUIPlaygroundUITests;
				PRODUCT_NAME = "$(TARGET_NAME)";
				STRING_CATALOG_GENERATE_SYMBOLS = NO;
				SWIFT_APPROACHABLE_CONCURRENCY = YES;
				SWIFT_EMIT_LOC_STRINGS = NO;
				SWIFT_UPCOMING_FEATURE_MEMBER_IMPORT_VISIBILITY = YES;
				SWIFT_VERSION = 5.0;
				TEST_TARGET_NAME = ChatUIPlayground;
			};
			name = Release;
		};
/* End XCBuildConfiguration section */

/* Begin XCConfigurationList section */
		74BCA4042F00FBF6000BB6E0 /* Build configuration list for PBXProject "ChatUIPlayground" */ = {
			isa = XCConfigurationList;
			buildConfigurations = (
				74BCA42A2F00FBF9000BB6E0 /* Debug */,
				74BCA42B2F00FBF9000BB6E0 /* Release */,
			);
			defaultConfigurationIsVisible = 0;
			defaultConfigurationName = Release;
		};
		74BCA42C2F00FBF9000BB6E0 /* Build configuration list for PBXNativeTarget "ChatUIPlayground" */ = {
			isa = XCConfigurationList;
			buildConfigurations = (
				74BCA42D2F00FBF9000BB6E0 /* Debug */,
				74BCA42E2F00FBF9000BB6E0 /* Release */,
			);
			defaultConfigurationIsVisible = 0;
			defaultConfigurationName = Release;
		};
		74BCA42F2F00FBF9000BB6E0 /* Build configuration list for PBXNativeTarget "ChatUIPlaygroundTests" */ = {
			isa = XCConfigurationList;
			buildConfigurations = (
				74BCA4302F00FBF9000BB6E0 /* Debug */,
				74BCA4312F00FBF9000BB6E0 /* Release */,
			);
			defaultConfigurationIsVisible = 0;
			defaultConfigurationName = Release;
		};
		74BCA4322F00FBF9000BB6E0 /* Build configuration list for PBXNativeTarget "ChatUIPlaygroundUITests" */ = {
			isa = XCConfigurationList;
			buildConfigurations = (
				74BCA4332F00FBF9000BB6E0 /* Debug */,
				74BCA4342F00FBF9000BB6E0 /* Release */,
			);
			defaultConfigurationIsVisible = 0;
			defaultConfigurationName = Release;
		};
/* End XCConfigurationList section */

/* Begin XCLocalSwiftPackageReference section */
		74BCA44C2F01041E000BB6E0 /* XCLocalSwiftPackageReference "../../../packages/ui-swift" */ = {
			isa = XCLocalSwiftPackageReference;
			relativePath = "../../../packages/ui-swift";
		};
/* End XCLocalSwiftPackageReference section */

/* Begin XCSwiftPackageProductDependency section */
		74BCA44D2F01041E000BB6E0 /* ChatUISwift */ = {
			isa = XCSwiftPackageProductDependency;
			productName = ChatUISwift;
		};
/* End XCSwiftPackageProductDependency section */
	};
	rootObject = 74BCA4012F00FBF6000BB6E0 /* Project object */;
}
